
Microsoft Visual Studio Solution File, Format Version 12.00
# Visual Studio Version 17
VisualStudioVersion = 17.11.35303.130
MinimumVisualStudioVersion = 10.0.40219.1
Project("{FAE04EC0-301F-11D3-BF4B-00C04F79EFBC}") = "API", "API\API.csproj", "{989D0EDF-3B99-442A-803B-2DE3745B91D7}"
EndProject
Project("{FAE04EC0-301F-11D3-BF4B-00C04F79EFBC}") = "Application", "Application\Application.csproj", "{6C304A42-CD3A-4346-BA77-0FD618332ADB}"
EndProject
Project("{FAE04EC0-301F-11D3-BF4B-00C04F79EFBC}") = "Domain", "Domain\Domain.csproj", "{C422DB5C-4A2C-451D-B236-4A6B5E128E3E}"
EndProject
Project("{FAE04EC0-301F-11D3-BF4B-00C04F79EFBC}") = "Infrastructure", "Infrastructure\Infrastructure.csproj", "{1AF0BB0A-29B7-4E36-BFE3-AAACBFD57459}"
EndProject
Project("{FAE04EC0-301F-11D3-BF4B-00C04F79EFBC}") = "Persistence", "Persistence\Persistence.csproj", "{A55BFCF9-0703-45F5-9369-4721B036AE47}"
EndProject
Project("{FAE04EC0-301F-11D3-BF4B-00C04F79EFBC}") = "UnitTest", "UnitTest\UnitTest.csproj", "{8BE02C06-8324-4AE3-AA4E-86885C821595}"
EndProject
Project("{2150E333-8FDC-42A3-9474-1A3956D46DE8}") = "Solution Items", "Solution Items", "{69508969-FCBE-40A7-AB97-C4C4B1E1833E}"
	ProjectSection(SolutionItems) = preProject
		.gitignore = .gitignore
	EndProjectSection
EndProject
Global
	GlobalSection(SolutionConfigurationPlatforms) = preSolution
		Debug|Any CPU = Debug|Any CPU
		Release|Any CPU = Release|Any CPU
	EndGlobalSection
	GlobalSection(ProjectConfigurationPlatforms) = postSolution
		{989D0EDF-3B99-442A-803B-2DE3745B91D7}.Debug|Any CPU.ActiveCfg = Debug|Any CPU
		{989D0EDF-3B99-442A-803B-2DE3745B91D7}.Debug|Any CPU.Build.0 = Debug|Any CPU
		{989D0EDF-3B99-442A-803B-2DE3745B91D7}.Release|Any CPU.ActiveCfg = Release|Any CPU
		{989D0EDF-3B99-442A-803B-2DE3745B91D7}.Release|Any CPU.Build.0 = Release|Any CPU
		{6C304A42-CD3A-4346-BA77-0FD618332ADB}.Debug|Any CPU.ActiveCfg = Debug|Any CPU
		{6C304A42-CD3A-4346-BA77-0FD618332ADB}.Debug|Any CPU.Build.0 = Debug|Any CPU
		{6C304A42-CD3A-4346-BA77-0FD618332ADB}.Release|Any CPU.ActiveCfg = Release|Any CPU
		{6C304A42-CD3A-4346-BA77-0FD618332ADB}.Release|Any CPU.Build.0 = Release|Any CPU
		{C422DB5C-4A2C-451D-B236-4A6B5E128E3E}.Debug|Any CPU.ActiveCfg = Debug|Any CPU
		{C422DB5C-4A2C-451D-B236-4A6B5E128E3E}.Debug|Any CPU.Build.0 = Debug|Any CPU
		{C422DB5C-4A2C-451D-B236-4A6B5E128E3E}.Release|Any CPU.ActiveCfg = Release|Any CPU
		{C422DB5C-4A2C-451D-B236-4A6B5E128E3E}.Release|Any CPU.Build.0 = Release|Any CPU
		{1AF0BB0A-29B7-4E36-BFE3-AAACBFD57459}.Debug|Any CPU.ActiveCfg = Debug|Any CPU
		{1AF0BB0A-29B7-4E36-BFE3-AAACBFD57459}.Debug|Any CPU.Build.0 = Debug|Any CPU
		{1AF0BB0A-29B7-4E36-BFE3-AAACBFD57459}.Release|Any CPU.ActiveCfg = Release|Any CPU
		{1AF0BB0A-29B7-4E36-BFE3-AAACBFD57459}.Release|Any CPU.Build.0 = Release|Any CPU
		{A55BFCF9-0703-45F5-9369-4721B036AE47}.Debug|Any CPU.ActiveCfg = Debug|Any CPU
		{A55BFCF9-0703-45F5-9369-4721B036AE47}.Debug|Any CPU.Build.0 = Debug|Any CPU
		{A55BFCF9-0703-45F5-9369-4721B036AE47}.Release|Any CPU.ActiveCfg = Release|Any CPU
		{A55BFCF9-0703-45F5-9369-4721B036AE47}.Release|Any CPU.Build.0 = Release|Any CPU
		{8BE02C06-8324-4AE3-AA4E-86885C821595}.Debug|Any CPU.ActiveCfg = Debug|Any CPU
		{8BE02C06-8324-4AE3-AA4E-86885C821595}.Debug|Any CPU.Build.0 = Debug|Any CPU
		{8BE02C06-8324-4AE3-AA4E-86885C821595}.Release|Any CPU.ActiveCfg = Release|Any CPU
		{8BE02C06-8324-4AE3-AA4E-86885C821595}.Release|Any CPU.Build.0 = Release|Any CPU
	EndGlobalSection
	GlobalSection(SolutionProperties) = preSolution
		HideSolutionNode = FALSE
	EndGlobalSection
	GlobalSection(ExtensibilityGlobals) = postSolution
		SolutionGuid = {72494A76-FCBC-41AD-A1D2-8B2BADF524D7}
	EndGlobalSection
EndGlobal
